
Microsoft Visual Studio Solution File, Format Version 12.00
# Visual Studio 15
VisualStudioVersion = 15.0.28307.757
MinimumVisualStudioVersion = 10.0.40219.1
Project("{FAE04EC0-301F-11D3-BF4B-00C04F79EFBC}") = "PiecePathEditor", "PiecePathEditor\PiecePathEditor.csproj", "{07E79269-469B-4E5E-A52A-63F97CAEADF1}"
EndProject
Global
	GlobalSection(SolutionConfigurationPlatforms) = preSolution
		Debug|Any CPU = Debug|Any CPU
		Release|Any CPU = Release|Any CPU
	EndGlobalSection
	GlobalSection(ProjectConfigurationPlatforms) = postSolution
		{07E79269-469B-4E5E-A52A-63F97CAEADF1}.Debug|Any CPU.ActiveCfg = Debug|Any CPU
		{07E79269-469B-4E5E-A52A-63F97CAEADF1}.Debug|Any CPU.Build.0 = Debug|Any CPU
		{07E79269-469B-4E5E-A52A-63F97CAEADF1}.Release|Any CPU.ActiveCfg = Release|Any CPU
		{07E79269-469B-4E5E-A52A-63F97CAEADF1}.Release|Any CPU.Build.0 = Release|Any CPU
	EndGlobalSection
	GlobalSection(SolutionProperties) = preSolution
		HideSolutionNode = FALSE
	EndGlobalSection
	GlobalSection(ExtensibilityGlobals) = postSolution
		SolutionGuid = {64348133-4532-4F0D-85D0-74ED22C2126E}
	EndGlobalSection
EndGlobal
